# Windows x86-64 lock for standard CPython 3.12, 3.13, and 3.14.
# Generated from the wheel hashes published by PyPI.
--only-binary=:all:

PySide6_Essentials==6.11.2 \
    --hash=sha256:c8a29def77032773a30879f7f24415b5395ad08592d147c170824ef4c735dfc1
shiboken6==6.11.2 \
    --hash=sha256:6ab0eba1c904455df621f9a6df3ca2bb896bab8670572d2bc4e37804ae91f19a
safetensors==0.8.0 \
    --hash=sha256:096ec1a98435df7beb08853bb5aa9081a84f23d0adc67ed1a0a10550f608373f
comfy-kitchen==0.2.31 \
    --hash=sha256:33a32cdf1536d8d6bd87d18c3852983f350027e3c7ff04f545022d58692050ec \
    --hash=sha256:5117946c30f308cfc73b9c26f723ae3918308bd090e57a8eae298406934aabd6
numpy==2.5.2 \
    --hash=sha256:28ac63476ec7651484215ee7fa15a1f78b57c14621f01e392afe17b9a1390ce4 \
    --hash=sha256:85aaccb24182c25df891ad0ec333585967e115269d5f1b17f2c9ae005bc96657 \
    --hash=sha256:7587f53dfbd5edc0f7b87c6217b4c6d2d1f2ef9c3da70bc1315e7db5f8d7ec9d
packaging==26.3 \
    --hash=sha256:d7193f7c8e4e93f444fde0262bf90af30e16fa0ad0ad44cb553c87339b23cd1c
